// !$*UTF8*$!
{
	archiveVersion = 1;
	classes = {
	};
	objectVersion = 50;
	objects = {

/* Begin PBXBuildFile section */
		4021798D212B9DBF00898771 /* AppDelegate.m in Sources */ = {isa = PBXBuildFile; fileRef = 4021798C212B9DBF00898771 /* AppDelegate.m */; };
		40217990212B9DBF00898771 /* ViewController.m in Sources */ = {isa = PBXBuildFile; fileRef = 4021798F212B9DBF00898771 /* ViewController.m */; };
		40217993212B9DBF00898771 /* Main.storyboard in Resources */ = {isa = PBXBuildFile; fileRef = 40217991212B9DBF00898771 /* Main.storyboard */; };
		40217995212B9DC100898771 /* Assets.xcassets in Resources */ = {isa = PBXBuildFile; fileRef = 40217994212B9DC100898771 /* Assets.xcassets */; };
		40217998212B9DC100898771 /* LaunchScreen.storyboard in Resources */ = {isa = PBXBuildFile; fileRef = 40217996212B9DC100898771 /* LaunchScreen.storyboard */; };
		4021799B212B9DC100898771 /* main.m in Sources */ = {isa = PBXBuildFile; fileRef = 4021799A212B9DC100898771 /* main.m */; };
		402179A3212B9DD800898771 /* CSPerson.m in Sources */ = {isa = PBXBuildFile; fileRef = 402179A2212B9DD800898771 /* CSPerson.m */; };
/* End PBXBuildFile section */

/* Begin PBXFileReference section */
		40217988212B9DBF00898771 /* rumtime_isa_desc.app */ = {isa = PBXFileReference; explicitFileType = wrapper.application; includeInIndex = 0; path = rumtime_isa_desc.app; sourceTree = BUILT_PRODUCTS_DIR; };
		4021798B212B9DBF00898771 /* AppDelegate.h */ = {isa = PBXFileReference; lastKnownFileType = sourcecode.c.h; path = AppDelegate.h; sourceTree = "<group>"; };
		4021798C212B9DBF00898771 /* AppDelegate.m */ = {isa = PBXFileReference; lastKnownFileType = sourcecode.c.objc; path = AppDelegate.m; sourceTree = "<group>"; };
		4021798E212B9DBF00898771 /* ViewController.h */ = {isa = PBXFileReference; lastKnownFileType = sourcecode.c.h; path = ViewController.h; sourceTree = "<group>"; };
		4021798F212B9DBF00898771 /* ViewController.m */ = {isa = PBXFileReference; lastKnownFileType = sourcecode.c.objc; path = ViewController.m; sourceTree = "<group>"; };
		40217992212B9DBF00898771 /* Base */ = {isa = PBXFileReference; lastKnownFileType = file.storyboard; name = Base; path = Base.lproj/Main.storyboard; sourceTree = "<group>"; };
		40217994212B9DC100898771 /* Assets.xcassets */ = {isa = PBXFileReference; lastKnownFileType = folder.assetcatalog; path = Assets.xcassets; sourceTree = "<group>"; };
		40217997212B9DC100898771 /* Base */ = {isa = PBXFileReference; lastKnownFileType = file.storyboard; name = Base; path = Base.lproj/LaunchScreen.storyboard; sourceTree = "<group>"; };
		40217999212B9DC100898771 /* Info.plist */ = {isa = PBXFileReference; lastKnownFileType = text.plist.xml; path = Info.plist; sourceTree = "<group>"; };
		4021799A212B9DC100898771 /* main.m */ = {isa = PBXFileReference; lastKnownFileType = sourcecode.c.objc; path = main.m; sourceTree = "<group>"; };
		402179A1212B9DD800898771 /* CSPerson.h */ = {isa = PBXFileReference; lastKnownFileType = sourcecode.c.h; path = CSPerson.h; sourceTree = "<group>"; };
		402179A2212B9DD800898771 /* CSPerson.m */ = {isa = PBXFileReference; lastKnownFileType = sourcecode.c.objc; path = CSPerson.m; sourceTree = "<group>"; };
/* End PBXFileReference section */

/* Begin PBXFrameworksBuildPhase section */
		40217985212B9DBF00898771 /* Frameworks */ = {
			isa = PBXFrameworksBuildPhase;
			buildActionMask = 2147483647;
			files = (
			);
			runOnlyForDeploymentPostprocessing = 0;
		};
/* End PBXFrameworksBuildPhase section */

/* Begin PBXGroup section */
		4021797F212B9DBF00898771 = {
			isa = PBXGroup;
			children = (
				4021798A212B9DBF00898771 /* rumtime_isa_desc */,
				40217989212B9DBF00898771 /* Products */,
			);
			sourceTree = "<group>";
		};
		40217989212B9DBF00898771 /* Products */ = {
			isa = PBXGroup;
			children = (
				40217988212B9DBF00898771 /* rumtime_isa_desc.app */,
			);
			name = Products;
			sourceTree = "<group>";
		};
		4021798A212B9DBF00898771 /* rumtime_isa_desc */ = {
			isa = PBXGroup;
			children = (
				4021798B212B9DBF00898771 /* AppDelegate.h */,
				4021798C212B9DBF00898771 /* AppDelegate.m */,
				4021798E212B9DBF00898771 /* ViewController.h */,
				4021798F212B9DBF00898771 /* ViewController.m */,
				402179A1212B9DD800898771 /* CSPerson.h */,
				402179A2212B9DD800898771 /* CSPerson.m */,
				40217991212B9DBF00898771 /* Main.storyboard */,
				40217994212B9DC100898771 /* Assets.xcassets */,
				40217996212B9DC100898771 /* LaunchScreen.storyboard */,
				40217999212B9DC100898771 /* Info.plist */,
				4021799A212B9DC100898771 /* main.m */,
			);
			path = rumtime_isa_desc;
			sourceTree = "<group>";
		};
/* End PBXGroup section */

/* Begin PBXNativeTarget section */
		40217987212B9DBF00898771 /* rumtime_isa_desc */ = {
			isa = PBXNativeTarget;
			buildConfigurationList = 4021799E212B9DC100898771 /* Build configuration list for PBXNativeTarget "rumtime_isa_desc" */;
			buildPhases = (
				40217984212B9DBF00898771 /* Sources */,
				40217985212B9DBF00898771 /* Frameworks */,
				40217986212B9DBF00898771 /* Resources */,
			);
			buildRules = (
			);
			dependencies = (
			);
			name = rumtime_isa_desc;
			productName = rumtime_isa_desc;
			productReference = 40217988212B9DBF00898771 /* rumtime_isa_desc.app */;
			productType = "com.apple.product-type.application";
		};
/* End PBXNativeTarget section */

/* Begin PBXProject section */
		40217980212B9DBF00898771 /* Project object */ = {
			isa = PBXProject;
			attributes = {
				LastUpgradeCheck = 0940;
				ORGANIZATIONNAME = cs;
				TargetAttributes = {
					40217987212B9DBF00898771 = {
						CreatedOnToolsVersion = 9.4.1;
					};
				};
			};
			buildConfigurationList = 40217983212B9DBF00898771 /* Build configuration list for PBXProject "rumtime_isa_desc" */;
			compatibilityVersion = "Xcode 9.3";
			developmentRegion = en;
			hasScannedForEncodings = 0;
			knownRegions = (
				en,
				Base,
			);
			mainGroup = 4021797F212B9DBF00898771;
			productRefGroup = 40217989212B9DBF00898771 /* Products */;
			projectDirPath = "";
			projectRoot = "";
			targets = (
				40217987212B9DBF00898771 /* rumtime_isa_desc */,
			);
		};
/* End PBXProject section */

/* Begin PBXResourcesBuildPhase section */
		40217986212B9DBF00898771 /* Resources */ = {
			isa = PBXResourcesBuildPhase;
			buildActionMask = 2147483647;
			files = (
				40217998212B9DC100898771 /* LaunchScreen.storyboard in Resources */,
				40217995212B9DC100898771 /* Assets.xcassets in Resources */,
				40217993212B9DBF00898771 /* Main.storyboard in Resources */,
			);
			runOnlyForDeploymentPostprocessing = 0;
		};
/* End PBXResourcesBuildPhase section */

/* Begin PBXSourcesBuildPhase section */
		40217984212B9DBF00898771 /* Sources */ = {
			isa = PBXSourcesBuildPhase;
			buildActionMask = 2147483647;
			files = (
				40217990212B9DBF00898771 /* ViewController.m in Sources */,
				4021799B212B9DC100898771 /* main.m in Sources */,
				402179A3212B9DD800898771 /* CSPerson.m in Sources */,
				4021798D212B9DBF00898771 /* AppDelegate.m in Sources */,
			);
			runOnlyForDeploymentPostprocessing = 0;
		};
/* End PBXSourcesBuildPhase section */

/* Begin PBXVariantGroup section */
		40217991212B9DBF00898771 /* Main.storyboard */ = {
			isa = PBXVariantGroup;
			children = (
				40217992212B9DBF00898771 /* Base */,
			);
			name = Main.storyboard;
			sourceTree = "<group>";
		};
		40217996212B9DC100898771 /* LaunchScreen.storyboard */ = {
			isa = PBXVariantGroup;
			children = (
				40217997212B9DC100898771 /* Base */,
			);
			name = LaunchScreen.storyboard;
			sourceTree = "<group>";
		};
/* End PBXVariantGroup section */

/* Begin XCBuildConfiguration section */
		4021799C212B9DC100898771 /* Debug */ = {
			isa = XCBuildConfiguration;
			buildSettings = {
				ALWAYS_SEARCH_USER_PATHS = NO;
				CLANG_ANALYZER_NONNULL = YES;
				CLANG_ANALYZER_NUMBER_OBJECT_CONVERSION = YES_AGGRESSIVE;
				CLANG_CXX_LANGUAGE_STANDARD = "gnu++14";
				CLANG_CXX_LIBRARY = "libc++";
				CLANG_ENABLE_MODULES = YES;
				CLANG_ENABLE_OBJC_ARC = YES;
				CLANG_ENABLE_OBJC_WEAK = YES;
				CLANG_WARN_BLOCK_CAPTURE_AUTORELEASING = YES;
				CLANG_WARN_BOOL_CONVERSION = YES;
				CLANG_WARN_COMMA = YES;
				CLANG_WARN_CONSTANT_CONVERSION = YES;
				CLANG_WARN_DEPRECATED_OBJC_IMPLEMENTATIONS = YES;
				CLANG_WARN_DIRECT_OBJC_ISA_USAGE = YES_ERROR;
				CLANG_WARN_DOCUMENTATION_COMMENTS = YES;
				CLANG_WARN_EMPTY_BODY = YES;
				CLANG_WARN_ENUM_CONVERSION = YES;
				CLANG_WARN_INFINITE_RECURSION = YES;
				CLANG_WARN_INT_CONVERSION = YES;
				CLANG_WARN_NON_LITERAL_NULL_CONVERSION = YES;
				CLANG_WARN_OBJC_IMPLICIT_RETAIN_SELF = YES;
				CLANG_WARN_OBJC_LITERAL_CONVERSION = YES;
				CLANG_WARN_OBJC_ROOT_CLASS = YES_ERROR;
				CLANG_WARN_RANGE_LOOP_ANALYSIS = YES;
				CLANG_WARN_STRICT_PROTOTYPES = YES;
				CLANG_WARN_SUSPICIOUS_MOVE = YES;
				CLANG_WARN_UNGUARDED_AVAILABILITY = YES_AGGRESSIVE;
				CLANG_WARN_UNREACHABLE_CODE = YES;
				CLANG_WARN__DUPLICATE_METHOD_MATCH = YES;
				CODE_SIGN_IDENTITY = "iPhone Developer";
				COPY_PHASE_STRIP = NO;
				DEBUG_INFORMATION_FORMAT = dwarf;
				ENABLE_STRICT_OBJC_MSGSEND = YES;
				ENABLE_TESTABILITY = YES;
				GCC_C_LANGUAGE_STANDARD = gnu11;
				GCC_DYNAMIC_NO_PIC = NO;
				GCC_NO_COMMON_BLOCKS = YES;
				GCC_OPTIMIZATION_LEVEL = 0;
				GCC_PREPROCESSOR_DEFINITIONS = (
					"DEBUG=1",
					"$(inherited)",
				);
				GCC_WARN_64_TO_32_BIT_CONVERSION = YES;
				GCC_WARN_ABOUT_RETURN_TYPE = YES_ERROR;
				GCC_WARN_UNDECLARED_SELECTOR = YES;
				GCC_WARN_UNINITIALIZED_AUTOS = YES_AGGRESSIVE;
				GCC_WARN_UNUSED_FUNCTION = YES;
				GCC_WARN_UNUSED_VARIABLE = YES;
				IPHONEOS_DEPLOYMENT_TARGET = 11.4;
				MTL_ENABLE_DEBUG_INFO = YES;
				ONLY_ACTIVE_ARCH = YES;
				SDKROOT = iphoneos;
			};
			name = Debug;
		};
		4021799D212B9DC100898771 /* Release */ = {
			isa = XCBuildConfiguration;
			buildSettings = {
				ALWAYS_SEARCH_USER_PATHS = NO;
				CLANG_ANALYZER_NONNULL = YES;
				CLANG_ANALYZER_NUMBER_OBJECT_CONVERSION = YES_AGGRESSIVE;
				CLANG_CXX_LANGUAGE_STANDARD = "gnu++14";
				CLANG_CXX_LIBRARY = "libc++";
				CLANG_ENABLE_MODULES = YES;
				CLANG_ENABLE_OBJC_ARC = YES;
				CLANG_ENABLE_OBJC_WEAK = YES;
				CLANG_WARN_BLOCK_CAPTURE_AUTORELEASING = YES;
				CLANG_WARN_BOOL_CONVERSION = YES;
				CLANG_WARN_COMMA = YES;
				CLANG_WARN_CONSTANT_CONVERSION = YES;
				CLANG_WARN_DEPRECATED_OBJC_IMPLEMENTATIONS = YES;
				CLANG_WARN_DIRECT_OBJC_ISA_USAGE = YES_ERROR;
				CLANG_WARN_DOCUMENTATION_COMMENTS = YES;
				CLANG_WARN_EMPTY_BODY = YES;
				CLANG_WARN_ENUM_CONVERSION = YES;
				CLANG_WARN_INFINITE_RECURSION = YES;
				CLANG_WARN_INT_CONVERSION = YES;
				CLANG_WARN_NON_LITERAL_NULL_CONVERSION = YES;
				CLANG_WARN_OBJC_IMPLICIT_RETAIN_SELF = YES;
				CLANG_WARN_OBJC_LITERAL_CONVERSION = YES;
				CLANG_WARN_OBJC_ROOT_CLASS = YES_ERROR;
				CLANG_WARN_RANGE_LOOP_ANALYSIS = YES;
				CLANG_WARN_STRICT_PROTOTYPES = YES;
				CLANG_WARN_SUSPICIOUS_MOVE = YES;
				CLANG_WARN_UNGUARDED_AVAILABILITY = YES_AGGRESSIVE;
				CLANG_WARN_UNREACHABLE_CODE = YES;
				CLANG_WARN__DUPLICATE_METHOD_MATCH = YES;
				CODE_SIGN_IDENTITY = "iPhone Developer";
				COPY_PHASE_STRIP = NO;
				DEBUG_INFORMATION_FORMAT = "dwarf-with-dsym";
				ENABLE_NS_ASSERTIONS = NO;
				ENABLE_STRICT_OBJC_MSGSEND = YES;
				GCC_C_LANGUAGE_STANDARD = gnu11;
				GCC_NO_COMMON_BLOCKS = YES;
				GCC_WARN_64_TO_32_BIT_CONVERSION = YES;
				GCC_WARN_ABOUT_RETURN_TYPE = YES_ERROR;
				GCC_WARN_UNDECLARED_SELECTOR = YES;
				GCC_WARN_UNINITIALIZED_AUTOS = YES_AGGRESSIVE;
				GCC_WARN_UNUSED_FUNCTION = YES;
				GCC_WARN_UNUSED_VARIABLE = YES;
				IPHONEOS_DEPLOYMENT_TARGET = 11.4;
				MTL_ENABLE_DEBUG_INFO = NO;
				SDKROOT = iphoneos;
				VALIDATE_PRODUCT = YES;
			};
			name = Release;
		};
		4021799F212B9DC100898771 /* Debug */ = {
			isa = XCBuildConfiguration;
			buildSettings = {
				ASSETCATALOG_COMPILER_APPICON_NAME = AppIcon;
				CODE_SIGN_STYLE = Manual;
				DEVELOPMENT_TEAM = "";
				INFOPLIST_FILE = rumtime_isa_desc/Info.plist;
				LD_RUNPATH_SEARCH_PATHS = (
					"$(inherited)",
					"@executable_path/Frameworks",
				);
				PRODUCT_BUNDLE_IDENTIFIER = "cs.rumtime-isa-desc";
				PRODUCT_NAME = "$(TARGET_NAME)";
				PROVISIONING_PROFILE_SPECIFIER = "";
				TARGETED_DEVICE_FAMILY = "1,2";
			};
			name = Debug;
		};
		402179A0212B9DC100898771 /* Release */ = {
			isa = XCBuildConfiguration;
			buildSettings = {
				ASSETCATALOG_COMPILER_APPICON_NAME = AppIcon;
				CODE_SIGN_STYLE = Manual;
				DEVELOPMENT_TEAM = "";
				INFOPLIST_FILE = rumtime_isa_desc/Info.plist;
				LD_RUNPATH_SEARCH_PATHS = (
					"$(inherited)",
					"@executable_path/Frameworks",
				);
				PRODUCT_BUNDLE_IDENTIFIER = "cs.rumtime-isa-desc";
				PRODUCT_NAME = "$(TARGET_NAME)";
				PROVISIONING_PROFILE_SPECIFIER = "";
				TARGETED_DEVICE_FAMILY = "1,2";
			};
			name = Release;
		};
/* End XCBuildConfiguration section */

/* Begin XCConfigurationList section */
		40217983212B9DBF00898771 /* Build configuration list for PBXProject "rumtime_isa_desc" */ = {
			isa = XCConfigurationList;
			buildConfigurations = (
				4021799C212B9DC100898771 /* Debug */,
				4021799D212B9DC100898771 /* Release */,
			);
			defaultConfigurationIsVisible = 0;
			defaultConfigurationName = Release;
		};
		4021799E212B9DC100898771 /* Build configuration list for PBXNativeTarget "rumtime_isa_desc" */ = {
			isa = XCConfigurationList;
			buildConfigurations = (
				4021799F212B9DC100898771 /* Debug */,
				402179A0212B9DC100898771 /* Release */,
			);
			defaultConfigurationIsVisible = 0;
			defaultConfigurationName = Release;
		};
/* End XCConfigurationList section */
	};
	rootObject = 40217980212B9DBF00898771 /* Project object */;
}
